{
	"name": "craftjs",
	"version": "0.0.0",
	"lockfileVersion": 1,
	"requires": true,
	"dependencies": {
		"nanoid": {
			"version": "2.1.1",
			"resolved": "https://registry.npmjs.org/nanoid/-/nanoid-2.1.1.tgz",
			"integrity": "sha512-0YbJdaL4JFoejIOoawgLcYValFGJ2iyUuVDIWL3g8Es87SSOWFbWdRUMV3VMSiyPs3SQ3QxCIxFX00q5DLkMCw=="
		},
		"shortid": {
			"version": "2.2.15",
			"resolved": "https://registry.npmjs.org/shortid/-/shortid-2.2.15.tgz",
			"integrity": "sha512-5EaCy2mx2Jgc/Fdn9uuDuNIIfWBpzY4XIlhoqtXF6qsf+/+SGZ+FxDdX/ZsMZiWupIWNqAEmiNY4RC+LSmCeOw==",
			"requires": {
				"nanoid": "^2.1.0"
			}
		}
	}
}
